
Microsoft Visual Studio Solution File, Format Version 12.00
# Visual Studio Version 16
VisualStudioVersion = 16.0.31624.102
MinimumVisualStudioVersion = 10.0.40219.1
Project("{FAE04EC0-301F-11D3-BF4B-00C04F79EFBC}") = "Classwork1", "Classwork1\Classwork1.csproj", "{3F73D490-655E-45BC-A159-629EA72C0618}"
EndProject
Project("{FAE04EC0-301F-11D3-BF4B-00C04F79EFBC}") = "Homework", "Homework\Homework.csproj", "{808BBEEB-333E-4A51-A485-7B0E918E75B2}"
EndProject
Global
	GlobalSection(SolutionConfigurationPlatforms) = preSolution
		Debug|Any CPU = Debug|Any CPU
		Release|Any CPU = Release|Any CPU
	EndGlobalSection
	GlobalSection(ProjectConfigurationPlatforms) = postSolution
		{3F73D490-655E-45BC-A159-629EA72C0618}.Debug|Any CPU.ActiveCfg = Debug|Any CPU
		{3F73D490-655E-45BC-A159-629EA72C0618}.Debug|Any CPU.Build.0 = Debug|Any CPU
		{3F73D490-655E-45BC-A159-629EA72C0618}.Release|Any CPU.ActiveCfg = Release|Any CPU
		{3F73D490-655E-45BC-A159-629EA72C0618}.Release|Any CPU.Build.0 = Release|Any CPU
		{808BBEEB-333E-4A51-A485-7B0E918E75B2}.Debug|Any CPU.ActiveCfg = Debug|Any CPU
		{808BBEEB-333E-4A51-A485-7B0E918E75B2}.Debug|Any CPU.Build.0 = Debug|Any CPU
		{808BBEEB-333E-4A51-A485-7B0E918E75B2}.Release|Any CPU.ActiveCfg = Release|Any CPU
		{808BBEEB-333E-4A51-A485-7B0E918E75B2}.Release|Any CPU.Build.0 = Release|Any CPU
	EndGlobalSection
	GlobalSection(SolutionProperties) = preSolution
		HideSolutionNode = FALSE
	EndGlobalSection
	GlobalSection(ExtensibilityGlobals) = postSolution
		SolutionGuid = {E73D1023-B69B-47C4-B8B1-6FF47A6479E8}
	EndGlobalSection
EndGlobal
